
Microsoft Visual Studio Solution File, Format Version 12.00
# Visual Studio 2013
VisualStudioVersion = 12.0.21005.1
MinimumVisualStudioVersion = 10.0.40219.1
Project("{8BC9CEB8-8B4A-11D0-8D11-00A0C91BC942}") = "COMOut", "COMOut\COMOut.vcxproj", "{0A59A085-3790-47EB-A489-2CDA16F1C1AE}"
EndProject
Project("{8BC9CEB8-8B4A-11D0-8D11-00A0C91BC942}") = "COMProxy", "COMProxy\COMProxy.vcxproj", "{1CD08D47-3CF1-4638-9F55-EE2B93DAD182}"
EndProject
Project("{8BC9CEB8-8B4A-11D0-8D11-00A0C91BC942}") = "ComClient", "ComClient\ComClient.vcxproj", "{AEB412C5-1E30-45B5-B183-703065635E90}"
EndProject
Global
	GlobalSection(SolutionConfigurationPlatforms) = preSolution
		Debug|Win32 = Debug|Win32
		Release|Win32 = Release|Win32
	EndGlobalSection
	GlobalSection(ProjectConfigurationPlatforms) = postSolution
		{0A59A085-3790-47EB-A489-2CDA16F1C1AE}.Debug|Win32.ActiveCfg = Debug|Win32
		{0A59A085-3790-47EB-A489-2CDA16F1C1AE}.Debug|Win32.Build.0 = Debug|Win32
		{0A59A085-3790-47EB-A489-2CDA16F1C1AE}.Release|Win32.ActiveCfg = Release|Win32
		{0A59A085-3790-47EB-A489-2CDA16F1C1AE}.Release|Win32.Build.0 = Release|Win32
		{1CD08D47-3CF1-4638-9F55-EE2B93DAD182}.Debug|Win32.ActiveCfg = Debug|Win32
		{1CD08D47-3CF1-4638-9F55-EE2B93DAD182}.Debug|Win32.Build.0 = Debug|Win32
		{1CD08D47-3CF1-4638-9F55-EE2B93DAD182}.Release|Win32.ActiveCfg = Release|Win32
		{1CD08D47-3CF1-4638-9F55-EE2B93DAD182}.Release|Win32.Build.0 = Release|Win32
		{AEB412C5-1E30-45B5-B183-703065635E90}.Debug|Win32.ActiveCfg = Debug|Win32
		{AEB412C5-1E30-45B5-B183-703065635E90}.Debug|Win32.Build.0 = Debug|Win32
		{AEB412C5-1E30-45B5-B183-703065635E90}.Release|Win32.ActiveCfg = Release|Win32
		{AEB412C5-1E30-45B5-B183-703065635E90}.Release|Win32.Build.0 = Release|Win32
	EndGlobalSection
	GlobalSection(SolutionProperties) = preSolution
		HideSolutionNode = FALSE
	EndGlobalSection
EndGlobal
